
Microsoft Visual Studio Solution File, Format Version 12.00
# Visual Studio Version 16
VisualStudioVersion = 16.0.32002.261
MinimumVisualStudioVersion = 10.0.40219.1
Project("{FAE04EC0-301F-11D3-BF4B-00C04F79EFBC}") = "Library.Authors", "Library.Authors\Library.Authors.csproj", "{F41A3E93-B967-4F74-824C-33D18C215BCD}"
EndProject
Project("{FAE04EC0-301F-11D3-BF4B-00C04F79EFBC}") = "Library.Models", "Library.Models\Library.Models.csproj", "{2237E546-61B1-48C9-90F1-6089142B255D}"
EndProject
Project("{FAE04EC0-301F-11D3-BF4B-00C04F79EFBC}") = "Library.Data", "Library.Data\Library.Data.csproj", "{76DA03D2-4264-4FEC-9E22-33314B680653}"
EndProject
Global
	GlobalSection(SolutionConfigurationPlatforms) = preSolution
		Debug|Any CPU = Debug|Any CPU
		Release|Any CPU = Release|Any CPU
	EndGlobalSection
	GlobalSection(ProjectConfigurationPlatforms) = postSolution
		{F41A3E93-B967-4F74-824C-33D18C215BCD}.Debug|Any CPU.ActiveCfg = Debug|Any CPU
		{F41A3E93-B967-4F74-824C-33D18C215BCD}.Debug|Any CPU.Build.0 = Debug|Any CPU
		{F41A3E93-B967-4F74-824C-33D18C215BCD}.Release|Any CPU.ActiveCfg = Release|Any CPU
		{F41A3E93-B967-4F74-824C-33D18C215BCD}.Release|Any CPU.Build.0 = Release|Any CPU
		{2237E546-61B1-48C9-90F1-6089142B255D}.Debug|Any CPU.ActiveCfg = Debug|Any CPU
		{2237E546-61B1-48C9-90F1-6089142B255D}.Debug|Any CPU.Build.0 = Debug|Any CPU
		{2237E546-61B1-48C9-90F1-6089142B255D}.Release|Any CPU.ActiveCfg = Release|Any CPU
		{2237E546-61B1-48C9-90F1-6089142B255D}.Release|Any CPU.Build.0 = Release|Any CPU
		{76DA03D2-4264-4FEC-9E22-33314B680653}.Debug|Any CPU.ActiveCfg = Debug|Any CPU
		{76DA03D2-4264-4FEC-9E22-33314B680653}.Debug|Any CPU.Build.0 = Debug|Any CPU
		{76DA03D2-4264-4FEC-9E22-33314B680653}.Release|Any CPU.ActiveCfg = Release|Any CPU
		{76DA03D2-4264-4FEC-9E22-33314B680653}.Release|Any CPU.Build.0 = Release|Any CPU
	EndGlobalSection
	GlobalSection(SolutionProperties) = preSolution
		HideSolutionNode = FALSE
	EndGlobalSection
	GlobalSection(ExtensibilityGlobals) = postSolution
		SolutionGuid = {1C0DE4DD-3F43-4CD5-A8C7-A57D40788CD3}
	EndGlobalSection
EndGlobal
